# This file is automatically @generated by Cargo.
# It is not intended for manual editing.
version = 3

[[package]]
name = "bincode"
version = "2.0.0-alpha.1"
source = "registry+https://github.com/rust-lang/crates.io-index"
checksum = "f15e4a3f8ad2e4bc6c5a24233a3dcf1ad449857dd8fe76fa23f8ef6ea4cb4f7c"
dependencies = [
 "bincode_derive",
]

[[package]]
name = "bincode_derive"
version = "2.0.0-alpha.1"
source = "registry+https://github.com/rust-lang/crates.io-index"
checksum = "fbdb4d197bb44b42f71ab87dcade323bc0035196cafe268d916f959e1de88c9f"

[[package]]
name = "shared"
version = "0.1.0"
dependencies = [
 "bincode",
]
